
Microsoft Visual Studio Solution File, Format Version 12.00
# Visual Studio 15
VisualStudioVersion = 15.0.26228.4
MinimumVisualStudioVersion = 10.0.40219.1
Project("{9A19103F-16F7-4668-BE54-9A1E7A4F7556}") = "DotnetCLIRunningTestsFromMultipleAssemblies.Tests.Integration", "DotnetCLIRunningTestsFromMultipleAssemblies.Tests.Integration\DotnetCLIRunningTestsFromMultipleAssemblies.Tests.Integration.csproj", "{926AA4EE-13EC-46B2-B766-25C15045AEC4}"
EndProject
Project("{9A19103F-16F7-4668-BE54-9A1E7A4F7556}") = "DotnetCLIRunningTestsFromMultipleAssemblies.Tests.Unit", "DotnetCLIRunningTestsFromMultipleAssemblies.Tests.Unit\DotnetCLIRunningTestsFromMultipleAssemblies.Tests.Unit.csproj", "{ACBCA814-A470-429E-8F8D-D4F660FBB47B}"
EndProject
Global
	GlobalSection(SolutionConfigurationPlatforms) = preSolution
		Debug|Any CPU = Debug|Any CPU
		Release|Any CPU = Release|Any CPU
	EndGlobalSection
	GlobalSection(ProjectConfigurationPlatforms) = postSolution
		{926AA4EE-13EC-46B2-B766-25C15045AEC4}.Debug|Any CPU.ActiveCfg = Debug|Any CPU
		{926AA4EE-13EC-46B2-B766-25C15045AEC4}.Debug|Any CPU.Build.0 = Debug|Any CPU
		{926AA4EE-13EC-46B2-B766-25C15045AEC4}.Release|Any CPU.ActiveCfg = Release|Any CPU
		{926AA4EE-13EC-46B2-B766-25C15045AEC4}.Release|Any CPU.Build.0 = Release|Any CPU
		{ACBCA814-A470-429E-8F8D-D4F660FBB47B}.Debug|Any CPU.ActiveCfg = Debug|Any CPU
		{ACBCA814-A470-429E-8F8D-D4F660FBB47B}.Debug|Any CPU.Build.0 = Debug|Any CPU
		{ACBCA814-A470-429E-8F8D-D4F660FBB47B}.Release|Any CPU.ActiveCfg = Release|Any CPU
		{ACBCA814-A470-429E-8F8D-D4F660FBB47B}.Release|Any CPU.Build.0 = Release|Any CPU
	EndGlobalSection
	GlobalSection(SolutionProperties) = preSolution
		HideSolutionNode = FALSE
	EndGlobalSection
EndGlobal
