
Microsoft Visual Studio Solution File, Format Version 12.00
Project("{FAE04EC0-301F-11D3-BF4B-00C04F79EFBC}") = "AspNetCoreManuallyRetrieveSwaggerSchema", "AspNetCoreManuallyRetrieveSwaggerSchema\AspNetCoreManuallyRetrieveSwaggerSchema.csproj", "{A5B5C69D-240A-45C6-A61B-AC4703B2E189}"
EndProject
Project("{FAE04EC0-301F-11D3-BF4B-00C04F79EFBC}") = "AspNetCoreManuallyRetrieveSwaggerSchema.Tests", "AspNetCoreManuallyRetrieveSwaggerSchema.Tests\AspNetCoreManuallyRetrieveSwaggerSchema.Tests.csproj", "{495B54AA-C44B-4F63-9023-2C8050A1C33E}"
EndProject
Global
	GlobalSection(SolutionConfigurationPlatforms) = preSolution
		Debug|Any CPU = Debug|Any CPU
		Release|Any CPU = Release|Any CPU
	EndGlobalSection
	GlobalSection(ProjectConfigurationPlatforms) = postSolution
		{A5B5C69D-240A-45C6-A61B-AC4703B2E189}.Debug|Any CPU.ActiveCfg = Debug|Any CPU
		{A5B5C69D-240A-45C6-A61B-AC4703B2E189}.Debug|Any CPU.Build.0 = Debug|Any CPU
		{A5B5C69D-240A-45C6-A61B-AC4703B2E189}.Release|Any CPU.ActiveCfg = Release|Any CPU
		{A5B5C69D-240A-45C6-A61B-AC4703B2E189}.Release|Any CPU.Build.0 = Release|Any CPU
		{495B54AA-C44B-4F63-9023-2C8050A1C33E}.Debug|Any CPU.ActiveCfg = Debug|Any CPU
		{495B54AA-C44B-4F63-9023-2C8050A1C33E}.Debug|Any CPU.Build.0 = Debug|Any CPU
		{495B54AA-C44B-4F63-9023-2C8050A1C33E}.Release|Any CPU.ActiveCfg = Release|Any CPU
		{495B54AA-C44B-4F63-9023-2C8050A1C33E}.Release|Any CPU.Build.0 = Release|Any CPU
	EndGlobalSection
EndGlobal
