
Microsoft Visual Studio Solution File, Format Version 12.00
# Visual Studio 14
VisualStudioVersion = 14.0.23107.0
MinimumVisualStudioVersion = 10.0.40219.1
Project("{FAE04EC0-301F-11D3-BF4B-00C04F79EFBC}") = "HandlingUnobservedTaskExceptions.Common", "HandlingUnobservedTaskExceptions.Common\HandlingUnobservedTaskExceptions.Common.csproj", "{C4421A66-298F-47A7-B828-1AAA5451D384}"
EndProject
Project("{FAE04EC0-301F-11D3-BF4B-00C04F79EFBC}") = "HandlingUnobservedTaskExceptions.NET4.0", "HandlingUnobservedTaskExceptions.NET4.0\HandlingUnobservedTaskExceptions.NET4.0.csproj", "{1A4AF89F-B33E-4FB5-8B67-8151A83173F7}"
EndProject
Project("{FAE04EC0-301F-11D3-BF4B-00C04F79EFBC}") = "HandlingUnobservedTaskExceptions.NET4.5", "HandlingUnobservedTaskExceptions.NET4.5\HandlingUnobservedTaskExceptions.NET4.5.csproj", "{38D925A8-88A9-415F-89CF-AB6D999FD2B7}"
EndProject
Global
	GlobalSection(SolutionConfigurationPlatforms) = preSolution
		Debug|Any CPU = Debug|Any CPU
		Release|Any CPU = Release|Any CPU
	EndGlobalSection
	GlobalSection(ProjectConfigurationPlatforms) = postSolution
		{C4421A66-298F-47A7-B828-1AAA5451D384}.Debug|Any CPU.ActiveCfg = Debug|Any CPU
		{C4421A66-298F-47A7-B828-1AAA5451D384}.Debug|Any CPU.Build.0 = Debug|Any CPU
		{C4421A66-298F-47A7-B828-1AAA5451D384}.Release|Any CPU.ActiveCfg = Release|Any CPU
		{C4421A66-298F-47A7-B828-1AAA5451D384}.Release|Any CPU.Build.0 = Release|Any CPU
		{1A4AF89F-B33E-4FB5-8B67-8151A83173F7}.Debug|Any CPU.ActiveCfg = Debug|Any CPU
		{1A4AF89F-B33E-4FB5-8B67-8151A83173F7}.Debug|Any CPU.Build.0 = Debug|Any CPU
		{1A4AF89F-B33E-4FB5-8B67-8151A83173F7}.Release|Any CPU.ActiveCfg = Release|Any CPU
		{1A4AF89F-B33E-4FB5-8B67-8151A83173F7}.Release|Any CPU.Build.0 = Release|Any CPU
		{38D925A8-88A9-415F-89CF-AB6D999FD2B7}.Debug|Any CPU.ActiveCfg = Debug|Any CPU
		{38D925A8-88A9-415F-89CF-AB6D999FD2B7}.Debug|Any CPU.Build.0 = Debug|Any CPU
		{38D925A8-88A9-415F-89CF-AB6D999FD2B7}.Release|Any CPU.ActiveCfg = Release|Any CPU
		{38D925A8-88A9-415F-89CF-AB6D999FD2B7}.Release|Any CPU.Build.0 = Release|Any CPU
	EndGlobalSection
	GlobalSection(SolutionProperties) = preSolution
		HideSolutionNode = FALSE
	EndGlobalSection
EndGlobal
