
Microsoft Visual Studio Solution File, Format Version 12.00
Project("{FAE04EC0-301F-11D3-BF4B-00C04F79EFBC}") = "AspNetCoreCustomLoggerAndNLogCallsiteIssue", "AspNetCoreCustomLoggerAndNLogCallsiteIssue\AspNetCoreCustomLoggerAndNLogCallsiteIssue.csproj", "{D387CC45-4331-4E35-A559-D211547E74B2}"
EndProject
Project("{FAE04EC0-301F-11D3-BF4B-00C04F79EFBC}") = "AspNetCoreCustomLoggerAndNLogCallsiteIssue.Logger", "AspNetCoreCustomLoggerAndNLogCallsiteIssue.Logger\AspNetCoreCustomLoggerAndNLogCallsiteIssue.Logger.csproj", "{18E94BC2-081A-43E2-A2AA-3B9ECC808D0F}"
EndProject
Global
	GlobalSection(SolutionConfigurationPlatforms) = preSolution
		Debug|Any CPU = Debug|Any CPU
		Release|Any CPU = Release|Any CPU
	EndGlobalSection
	GlobalSection(ProjectConfigurationPlatforms) = postSolution
		{D387CC45-4331-4E35-A559-D211547E74B2}.Debug|Any CPU.ActiveCfg = Debug|Any CPU
		{D387CC45-4331-4E35-A559-D211547E74B2}.Debug|Any CPU.Build.0 = Debug|Any CPU
		{D387CC45-4331-4E35-A559-D211547E74B2}.Release|Any CPU.ActiveCfg = Release|Any CPU
		{D387CC45-4331-4E35-A559-D211547E74B2}.Release|Any CPU.Build.0 = Release|Any CPU
		{18E94BC2-081A-43E2-A2AA-3B9ECC808D0F}.Debug|Any CPU.ActiveCfg = Debug|Any CPU
		{18E94BC2-081A-43E2-A2AA-3B9ECC808D0F}.Debug|Any CPU.Build.0 = Debug|Any CPU
		{18E94BC2-081A-43E2-A2AA-3B9ECC808D0F}.Release|Any CPU.ActiveCfg = Release|Any CPU
		{18E94BC2-081A-43E2-A2AA-3B9ECC808D0F}.Release|Any CPU.Build.0 = Release|Any CPU
	EndGlobalSection
EndGlobal
