
Microsoft Visual Studio Solution File, Format Version 12.00
# Visual Studio 2013
VisualStudioVersion = 12.0.30723.0
MinimumVisualStudioVersion = 10.0.40219.1
Project("{FAE04EC0-301F-11D3-BF4B-00C04F79EFBC}") = "DataAccessLayer", "DataAccessLayer\DataAccessLayer.csproj", "{247C9901-4C96-49A2-BA8C-A626E1DF57FC}"
EndProject
Project("{FAE04EC0-301F-11D3-BF4B-00C04F79EFBC}") = "Model", "Model\Model.csproj", "{0BD7DC85-0706-4FB3-8EAA-DFD6206ADC27}"
EndProject
Global
	GlobalSection(SolutionConfigurationPlatforms) = preSolution
		Debug|Any CPU = Debug|Any CPU
		Release|Any CPU = Release|Any CPU
	EndGlobalSection
	GlobalSection(ProjectConfigurationPlatforms) = postSolution
		{247C9901-4C96-49A2-BA8C-A626E1DF57FC}.Debug|Any CPU.ActiveCfg = Debug|Any CPU
		{247C9901-4C96-49A2-BA8C-A626E1DF57FC}.Debug|Any CPU.Build.0 = Debug|Any CPU
		{247C9901-4C96-49A2-BA8C-A626E1DF57FC}.Release|Any CPU.ActiveCfg = Release|Any CPU
		{247C9901-4C96-49A2-BA8C-A626E1DF57FC}.Release|Any CPU.Build.0 = Release|Any CPU
		{0BD7DC85-0706-4FB3-8EAA-DFD6206ADC27}.Debug|Any CPU.ActiveCfg = Debug|Any CPU
		{0BD7DC85-0706-4FB3-8EAA-DFD6206ADC27}.Debug|Any CPU.Build.0 = Debug|Any CPU
		{0BD7DC85-0706-4FB3-8EAA-DFD6206ADC27}.Release|Any CPU.ActiveCfg = Release|Any CPU
		{0BD7DC85-0706-4FB3-8EAA-DFD6206ADC27}.Release|Any CPU.Build.0 = Release|Any CPU
	EndGlobalSection
	GlobalSection(SolutionProperties) = preSolution
		HideSolutionNode = FALSE
	EndGlobalSection
EndGlobal
