
Microsoft Visual Studio Solution File, Format Version 12.00
# Visual Studio 15
VisualStudioVersion = 15.0.27130.2027
MinimumVisualStudioVersion = 10.0.40219.1
Project("{2150E333-8FDC-42A3-9474-1A3956D46DE8}") = "Solution Items", "Solution Items", "{F82D7540-C2AD-491E-A945-D5271B2B84C5}"
	ProjectSection(SolutionItems) = preProject
		Directory.Build.props = Directory.Build.props
		StyleCop.json = StyleCop.json
		StyleCop.ruleset = StyleCop.ruleset
	EndProjectSection
EndProject
Project("{FAE04EC0-301F-11D3-BF4B-00C04F79EFBC}") = "SolutionWideProjectPropertiesWithDirectoryBuildProps.App", "SolutionWideProjectPropertiesWithDirectoryBuildProps.App\SolutionWideProjectPropertiesWithDirectoryBuildProps.App.csproj", "{14DFC65F-3C1C-46A8-8AC0-DBA06134C3B8}"
EndProject
Project("{FAE04EC0-301F-11D3-BF4B-00C04F79EFBC}") = "SolutionWideProjectPropertiesWithDirectoryBuildProps.Lib", "SolutionWideProjectPropertiesWithDirectoryBuildProps.Lib\SolutionWideProjectPropertiesWithDirectoryBuildProps.Lib.csproj", "{50172343-24E6-4EC7-B86F-D5A4F825D156}"
EndProject
Global
	GlobalSection(SolutionConfigurationPlatforms) = preSolution
		Debug|Any CPU = Debug|Any CPU
		Release|Any CPU = Release|Any CPU
	EndGlobalSection
	GlobalSection(ProjectConfigurationPlatforms) = postSolution
		{14DFC65F-3C1C-46A8-8AC0-DBA06134C3B8}.Debug|Any CPU.ActiveCfg = Debug|Any CPU
		{14DFC65F-3C1C-46A8-8AC0-DBA06134C3B8}.Debug|Any CPU.Build.0 = Debug|Any CPU
		{14DFC65F-3C1C-46A8-8AC0-DBA06134C3B8}.Release|Any CPU.ActiveCfg = Release|Any CPU
		{14DFC65F-3C1C-46A8-8AC0-DBA06134C3B8}.Release|Any CPU.Build.0 = Release|Any CPU
		{50172343-24E6-4EC7-B86F-D5A4F825D156}.Debug|Any CPU.ActiveCfg = Debug|Any CPU
		{50172343-24E6-4EC7-B86F-D5A4F825D156}.Debug|Any CPU.Build.0 = Debug|Any CPU
		{50172343-24E6-4EC7-B86F-D5A4F825D156}.Release|Any CPU.ActiveCfg = Release|Any CPU
		{50172343-24E6-4EC7-B86F-D5A4F825D156}.Release|Any CPU.Build.0 = Release|Any CPU
	EndGlobalSection
	GlobalSection(SolutionProperties) = preSolution
		HideSolutionNode = FALSE
	EndGlobalSection
	GlobalSection(ExtensibilityGlobals) = postSolution
		SolutionGuid = {68323F13-2676-4C8C-92A0-4F00C5DC9C08}
	EndGlobalSection
EndGlobal
