
Microsoft Visual Studio Solution File, Format Version 12.00
# Visual Studio 15
VisualStudioVersion = 15.0.27130.2027
MinimumVisualStudioVersion = 10.0.40219.1
Project("{9A19103F-16F7-4668-BE54-9A1E7A4F7556}") = "SolutionWideProjectPropertiesInNetSdkBasedProjects", "SolutionWideProjectPropertiesInNetSdkBasedProjects\SolutionWideProjectPropertiesInNetSdkBasedProjects.csproj", "{09881CD9-CE46-45AD-94F0-75058538C73C}"
EndProject
Project("{9A19103F-16F7-4668-BE54-9A1E7A4F7556}") = "SolutionWideProjectPropertiesInNetSdkBasedProjects.Lib", "SolutionWideProjectPropertiesInNetSdkBasedProjects.Lib\SolutionWideProjectPropertiesInNetSdkBasedProjects.Lib.csproj", "{C7E656D1-6AD0-48B7-901C-7E3414B620A1}"
EndProject
Project("{2150E333-8FDC-42A3-9474-1A3956D46DE8}") = "Solution Items", "Solution Items", "{F82D7540-C2AD-491E-A945-D5271B2B84C5}"
	ProjectSection(SolutionItems) = preProject
		Directory.Build.props = Directory.Build.props
		StyleCop.json = StyleCop.json
		StyleCop.ruleset = StyleCop.ruleset
	EndProjectSection
EndProject
Global
	GlobalSection(SolutionConfigurationPlatforms) = preSolution
		Debug|Any CPU = Debug|Any CPU
		Release|Any CPU = Release|Any CPU
	EndGlobalSection
	GlobalSection(ProjectConfigurationPlatforms) = postSolution
		{09881CD9-CE46-45AD-94F0-75058538C73C}.Debug|Any CPU.ActiveCfg = Debug|Any CPU
		{09881CD9-CE46-45AD-94F0-75058538C73C}.Debug|Any CPU.Build.0 = Debug|Any CPU
		{09881CD9-CE46-45AD-94F0-75058538C73C}.Release|Any CPU.ActiveCfg = Release|Any CPU
		{09881CD9-CE46-45AD-94F0-75058538C73C}.Release|Any CPU.Build.0 = Release|Any CPU
		{C7E656D1-6AD0-48B7-901C-7E3414B620A1}.Debug|Any CPU.ActiveCfg = Debug|Any CPU
		{C7E656D1-6AD0-48B7-901C-7E3414B620A1}.Debug|Any CPU.Build.0 = Debug|Any CPU
		{C7E656D1-6AD0-48B7-901C-7E3414B620A1}.Release|Any CPU.ActiveCfg = Release|Any CPU
		{C7E656D1-6AD0-48B7-901C-7E3414B620A1}.Release|Any CPU.Build.0 = Release|Any CPU
	EndGlobalSection
	GlobalSection(SolutionProperties) = preSolution
		HideSolutionNode = FALSE
	EndGlobalSection
	GlobalSection(ExtensibilityGlobals) = postSolution
		SolutionGuid = {68323F13-2676-4C8C-92A0-4F00C5DC9C08}
	EndGlobalSection
EndGlobal
