
Microsoft Visual Studio Solution File, Format Version 12.00
Project("{FAE04EC0-301F-11D3-BF4B-00C04F79EFBC}") = "WeatherApi", "WeatherApi\WeatherApi.csproj", "{AB068B8D-9E10-4ECB-9078-9533CB16406A}"
EndProject
Project("{FAE04EC0-301F-11D3-BF4B-00C04F79EFBC}") = "WeatherApi.IntegrationTests", "WeatherApi.IntegrationTests\WeatherApi.IntegrationTests.csproj", "{835B4B6A-B682-4F04-B216-7CE9FD96096D}"
EndProject
Global
	GlobalSection(SolutionConfigurationPlatforms) = preSolution
		Debug|Any CPU = Debug|Any CPU
		Release|Any CPU = Release|Any CPU
	EndGlobalSection
	GlobalSection(ProjectConfigurationPlatforms) = postSolution
		{AB068B8D-9E10-4ECB-9078-9533CB16406A}.Debug|Any CPU.ActiveCfg = Debug|Any CPU
		{AB068B8D-9E10-4ECB-9078-9533CB16406A}.Debug|Any CPU.Build.0 = Debug|Any CPU
		{AB068B8D-9E10-4ECB-9078-9533CB16406A}.Release|Any CPU.ActiveCfg = Release|Any CPU
		{AB068B8D-9E10-4ECB-9078-9533CB16406A}.Release|Any CPU.Build.0 = Release|Any CPU
		{835B4B6A-B682-4F04-B216-7CE9FD96096D}.Debug|Any CPU.ActiveCfg = Debug|Any CPU
		{835B4B6A-B682-4F04-B216-7CE9FD96096D}.Debug|Any CPU.Build.0 = Debug|Any CPU
		{835B4B6A-B682-4F04-B216-7CE9FD96096D}.Release|Any CPU.ActiveCfg = Release|Any CPU
		{835B4B6A-B682-4F04-B216-7CE9FD96096D}.Release|Any CPU.Build.0 = Release|Any CPU
	EndGlobalSection
EndGlobal
